// !$*UTF8*$!
{
	archiveVersion = 1;
	classes = {
	};
	objectVersion = 46;
	objects = {

/* Begin PBXBuildFile section */
		01409EAC1C2B1B7500643F32 /* AppDelegate.swift in Sources */ = {isa = PBXBuildFile; fileRef = 01409EAB1C2B1B7500643F32 /* AppDelegate.swift */; };
		01409EAE1C2B1B7500643F32 /* ViewController.swift in Sources */ = {isa = PBXBuildFile; fileRef = 01409EAD1C2B1B7500643F32 /* ViewController.swift */; };
		01409EB11C2B1B7500643F32 /* Main.storyboard in Resources */ = {isa = PBXBuildFile; fileRef = 01409EAF1C2B1B7500643F32 /* Main.storyboard */; };
		01409EB31C2B1B7500643F32 /* Assets.xcassets in Resources */ = {isa = PBXBuildFile; fileRef = 01409EB21C2B1B7500643F32 /* Assets.xcassets */; };
		01409EB61C2B1B7500643F32 /* LaunchScreen.storyboard in Resources */ = {isa = PBXBuildFile; fileRef = 01409EB41C2B1B7500643F32 /* LaunchScreen.storyboard */; };
		01409EBF1C2B1BC300643F32 /* Post.swift in Sources */ = {isa = PBXBuildFile; fileRef = 01409EBE1C2B1BC300643F32 /* Post.swift */; };
/* End PBXBuildFile section */

/* Begin PBXFileReference section */
		01409EA81C2B1B7500643F32 /* MessageBoard.app */ = {isa = PBXFileReference; explicitFileType = wrapper.application; includeInIndex = 0; path = MessageBoard.app; sourceTree = BUILT_PRODUCTS_DIR; };
		01409EAB1C2B1B7500643F32 /* AppDelegate.swift */ = {isa = PBXFileReference; lastKnownFileType = sourcecode.swift; path = AppDelegate.swift; sourceTree = "<group>"; };
		01409EAD1C2B1B7500643F32 /* ViewController.swift */ = {isa = PBXFileReference; lastKnownFileType = sourcecode.swift; path = ViewController.swift; sourceTree = "<group>"; };
		01409EB01C2B1B7500643F32 /* Base */ = {isa = PBXFileReference; lastKnownFileType = file.storyboard; name = Base; path = Base.lproj/Main.storyboard; sourceTree = "<group>"; };
		01409EB21C2B1B7500643F32 /* Assets.xcassets */ = {isa = PBXFileReference; lastKnownFileType = folder.assetcatalog; path = Assets.xcassets; sourceTree = "<group>"; };
		01409EB51C2B1B7500643F32 /* Base */ = {isa = PBXFileReference; lastKnownFileType = file.storyboard; name = Base; path = Base.lproj/LaunchScreen.storyboard; sourceTree = "<group>"; };
		01409EB71C2B1B7500643F32 /* Info.plist */ = {isa = PBXFileReference; lastKnownFileType = text.plist.xml; path = Info.plist; sourceTree = "<group>"; };
		01409EBE1C2B1BC300643F32 /* Post.swift */ = {isa = PBXFileReference; fileEncoding = 4; lastKnownFileType = sourcecode.swift; path = Post.swift; sourceTree = "<group>"; };
/* End PBXFileReference section */

/* Begin PBXFrameworksBuildPhase section */
		01409EA51C2B1B7500643F32 /* Frameworks */ = {
			isa = PBXFrameworksBuildPhase;
			buildActionMask = 2147483647;
			files = (
			);
			runOnlyForDeploymentPostprocessing = 0;
		};
/* End PBXFrameworksBuildPhase section */

/* Begin PBXGroup section */
		01409E9F1C2B1B7500643F32 = {
			isa = PBXGroup;
			children = (
				01409EAA1C2B1B7500643F32 /* MessageBoard */,
				01409EA91C2B1B7500643F32 /* Products */,
			);
			sourceTree = "<group>";
		};
		01409EA91C2B1B7500643F32 /* Products */ = {
			isa = PBXGroup;
			children = (
				01409EA81C2B1B7500643F32 /* MessageBoard.app */,
			);
			name = Products;
			sourceTree = "<group>";
		};
		01409EAA1C2B1B7500643F32 /* MessageBoard */ = {
			isa = PBXGroup;
			children = (
				01409EBD1C2B1BB800643F32 /* Model */,
				01409EAB1C2B1B7500643F32 /* AppDelegate.swift */,
				01409EAD1C2B1B7500643F32 /* ViewController.swift */,
				01409EAF1C2B1B7500643F32 /* Main.storyboard */,
				01409EB21C2B1B7500643F32 /* Assets.xcassets */,
				01409EB41C2B1B7500643F32 /* LaunchScreen.storyboard */,
				01409EB71C2B1B7500643F32 /* Info.plist */,
			);
			path = MessageBoard;
			sourceTree = "<group>";
		};
		01409EBD1C2B1BB800643F32 /* Model */ = {
			isa = PBXGroup;
			children = (
				01409EBE1C2B1BC300643F32 /* Post.swift */,
			);
			name = Model;
			sourceTree = "<group>";
		};
/* End PBXGroup section */

/* Begin PBXNativeTarget section */
		01409EA71C2B1B7500643F32 /* MessageBoard */ = {
			isa = PBXNativeTarget;
			buildConfigurationList = 01409EBA1C2B1B7500643F32 /* Build configuration list for PBXNativeTarget "MessageBoard" */;
			buildPhases = (
				01409EA41C2B1B7500643F32 /* Sources */,
				01409EA51C2B1B7500643F32 /* Frameworks */,
				01409EA61C2B1B7500643F32 /* Resources */,
			);
			buildRules = (
			);
			dependencies = (
			);
			name = MessageBoard;
			productName = MessageBoard;
			productReference = 01409EA81C2B1B7500643F32 /* MessageBoard.app */;
			productType = "com.apple.product-type.application";
		};
/* End PBXNativeTarget section */

/* Begin PBXProject section */
		01409EA01C2B1B7500643F32 /* Project object */ = {
			isa = PBXProject;
			attributes = {
				LastSwiftUpdateCheck = 0720;
				LastUpgradeCheck = 0720;
				ORGANIZATIONNAME = Nick;
				TargetAttributes = {
					01409EA71C2B1B7500643F32 = {
						CreatedOnToolsVersion = 7.2;
					};
				};
			};
			buildConfigurationList = 01409EA31C2B1B7500643F32 /* Build configuration list for PBXProject "MessageBoard" */;
			compatibilityVersion = "Xcode 3.2";
			developmentRegion = English;
			hasScannedForEncodings = 0;
			knownRegions = (
				en,
				Base,
			);
			mainGroup = 01409E9F1C2B1B7500643F32;
			productRefGroup = 01409EA91C2B1B7500643F32 /* Products */;
			projectDirPath = "";
			projectRoot = "";
			targets = (
				01409EA71C2B1B7500643F32 /* MessageBoard */,
			);
		};
/* End PBXProject section */

/* Begin PBXResourcesBuildPhase section */
		01409EA61C2B1B7500643F32 /* Resources */ = {
			isa = PBXResourcesBuildPhase;
			buildActionMask = 2147483647;
			files = (
				01409EB61C2B1B7500643F32 /* LaunchScreen.storyboard in Resources */,
				01409EB31C2B1B7500643F32 /* Assets.xcassets in Resources */,
				01409EB11C2B1B7500643F32 /* Main.storyboard in Resources */,
			);
			runOnlyForDeploymentPostprocessing = 0;
		};
/* End PBXResourcesBuildPhase section */

/* Begin PBXSourcesBuildPhase section */
		01409EA41C2B1B7500643F32 /* Sources */ = {
			isa = PBXSourcesBuildPhase;
			buildActionMask = 2147483647;
			files = (
				01409EBF1C2B1BC300643F32 /* Post.swift in Sources */,
				01409EAE1C2B1B7500643F32 /* ViewController.swift in Sources */,
				01409EAC1C2B1B7500643F32 /* AppDelegate.swift in Sources */,
			);
			runOnlyForDeploymentPostprocessing = 0;
		};
/* End PBXSourcesBuildPhase section */

/* Begin PBXVariantGroup section */
		01409EAF1C2B1B7500643F32 /* Main.storyboard */ = {
			isa = PBXVariantGroup;
			children = (
				01409EB01C2B1B7500643F32 /* Base */,
			);
			name = Main.storyboard;
			sourceTree = "<group>";
		};
		01409EB41C2B1B7500643F32 /* LaunchScreen.storyboard */ = {
			isa = PBXVariantGroup;
			children = (
				01409EB51C2B1B7500643F32 /* Base */,
			);
			name = LaunchScreen.storyboard;
			sourceTree = "<group>";
		};
/* End PBXVariantGroup section */

/* Begin XCBuildConfiguration section */
		01409EB81C2B1B7500643F32 /* Debug */ = {
			isa = XCBuildConfiguration;
			buildSettings = {
				ALWAYS_SEARCH_USER_PATHS = NO;
				CLANG_CXX_LANGUAGE_STANDARD = "gnu++0x";
				CLANG_CXX_LIBRARY = "libc++";
				CLANG_ENABLE_MODULES = YES;
				CLANG_ENABLE_OBJC_ARC = YES;
				CLANG_WARN_BOOL_CONVERSION = YES;
				CLANG_WARN_CONSTANT_CONVERSION = YES;
				CLANG_WARN_DIRECT_OBJC_ISA_USAGE = YES_ERROR;
				CLANG_WARN_EMPTY_BODY = YES;
				CLANG_WARN_ENUM_CONVERSION = YES;
				CLANG_WARN_INT_CONVERSION = YES;
				CLANG_WARN_OBJC_ROOT_CLASS = YES_ERROR;
				CLANG_WARN_UNREACHABLE_CODE = YES;
				CLANG_WARN__DUPLICATE_METHOD_MATCH = YES;
				"CODE_SIGN_IDENTITY[sdk=iphoneos*]" = "iPhone Developer";
				COPY_PHASE_STRIP = NO;
				DEBUG_INFORMATION_FORMAT = dwarf;
				ENABLE_STRICT_OBJC_MSGSEND = YES;
				ENABLE_TESTABILITY = YES;
				GCC_C_LANGUAGE_STANDARD = gnu99;
				GCC_DYNAMIC_NO_PIC = NO;
				GCC_NO_COMMON_BLOCKS = YES;
				GCC_OPTIMIZATION_LEVEL = 0;
				GCC_PREPROCESSOR_DEFINITIONS = (
					"DEBUG=1",
					"$(inherited)",
				);
				GCC_WARN_64_TO_32_BIT_CONVERSION = YES;
				GCC_WARN_ABOUT_RETURN_TYPE = YES_ERROR;
				GCC_WARN_UNDECLARED_SELECTOR = YES;
				GCC_WARN_UNINITIALIZED_AUTOS = YES_AGGRESSIVE;
				GCC_WARN_UNUSED_FUNCTION = YES;
				GCC_WARN_UNUSED_VARIABLE = YES;
				IPHONEOS_DEPLOYMENT_TARGET = 9.2;
				MTL_ENABLE_DEBUG_INFO = YES;
				ONLY_ACTIVE_ARCH = YES;
				SDKROOT = iphoneos;
				SWIFT_OPTIMIZATION_LEVEL = "-Onone";
				TARGETED_DEVICE_FAMILY = "1,2";
			};
			name = Debug;
		};
		01409EB91C2B1B7500643F32 /* Release */ = {
			isa = XCBuildConfiguration;
			buildSettings = {
				ALWAYS_SEARCH_USER_PATHS = NO;
				CLANG_CXX_LANGUAGE_STANDARD = "gnu++0x";
				CLANG_CXX_LIBRARY = "libc++";
				CLANG_ENABLE_MODULES = YES;
				CLANG_ENABLE_OBJC_ARC = YES;
				CLANG_WARN_BOOL_CONVERSION = YES;
				CLANG_WARN_CONSTANT_CONVERSION = YES;
				CLANG_WARN_DIRECT_OBJC_ISA_USAGE = YES_ERROR;
				CLANG_WARN_EMPTY_BODY = YES;
				CLANG_WARN_ENUM_CONVERSION = YES;
				CLANG_WARN_INT_CONVERSION = YES;
				CLANG_WARN_OBJC_ROOT_CLASS = YES_ERROR;
				CLANG_WARN_UNREACHABLE_CODE = YES;
				CLANG_WARN__DUPLICATE_METHOD_MATCH = YES;
				"CODE_SIGN_IDENTITY[sdk=iphoneos*]" = "iPhone Developer";
				COPY_PHASE_STRIP = NO;
				DEBUG_INFORMATION_FORMAT = "dwarf-with-dsym";
				ENABLE_NS_ASSERTIONS = NO;
				ENABLE_STRICT_OBJC_MSGSEND = YES;
				GCC_C_LANGUAGE_STANDARD = gnu99;
				GCC_NO_COMMON_BLOCKS = YES;
				GCC_WARN_64_TO_32_BIT_CONVERSION = YES;
				GCC_WARN_ABOUT_RETURN_TYPE = YES_ERROR;
				GCC_WARN_UNDECLARED_SELECTOR = YES;
				GCC_WARN_UNINITIALIZED_AUTOS = YES_AGGRESSIVE;
				GCC_WARN_UNUSED_FUNCTION = YES;
				GCC_WARN_UNUSED_VARIABLE = YES;
				IPHONEOS_DEPLOYMENT_TARGET = 9.2;
				MTL_ENABLE_DEBUG_INFO = NO;
				SDKROOT = iphoneos;
				TARGETED_DEVICE_FAMILY = "1,2";
				VALIDATE_PRODUCT = YES;
			};
			name = Release;
		};
		01409EBB1C2B1B7500643F32 /* Debug */ = {
			isa = XCBuildConfiguration;
			buildSettings = {
				ASSETCATALOG_COMPILER_APPICON_NAME = AppIcon;
				INFOPLIST_FILE = MessageBoard/Info.plist;
				IPHONEOS_DEPLOYMENT_TARGET = 9.1;
				LD_RUNPATH_SEARCH_PATHS = "$(inherited) @executable_path/Frameworks";
				PRODUCT_BUNDLE_IDENTIFIER = com.nicholaspsmith.MessageBoard;
				PRODUCT_NAME = "$(TARGET_NAME)";
			};
			name = Debug;
		};
		01409EBC1C2B1B7500643F32 /* Release */ = {
			isa = XCBuildConfiguration;
			buildSettings = {
				ASSETCATALOG_COMPILER_APPICON_NAME = AppIcon;
				INFOPLIST_FILE = MessageBoard/Info.plist;
				IPHONEOS_DEPLOYMENT_TARGET = 9.1;
				LD_RUNPATH_SEARCH_PATHS = "$(inherited) @executable_path/Frameworks";
				PRODUCT_BUNDLE_IDENTIFIER = com.nicholaspsmith.MessageBoard;
				PRODUCT_NAME = "$(TARGET_NAME)";
			};
			name = Release;
		};
/* End XCBuildConfiguration section */

/* Begin XCConfigurationList section */
		01409EA31C2B1B7500643F32 /* Build configuration list for PBXProject "MessageBoard" */ = {
			isa = XCConfigurationList;
			buildConfigurations = (
				01409EB81C2B1B7500643F32 /* Debug */,
				01409EB91C2B1B7500643F32 /* Release */,
			);
			defaultConfigurationIsVisible = 0;
			defaultConfigurationName = Release;
		};
		01409EBA1C2B1B7500643F32 /* Build configuration list for PBXNativeTarget "MessageBoard" */ = {
			isa = XCConfigurationList;
			buildConfigurations = (
				01409EBB1C2B1B7500643F32 /* Debug */,
				01409EBC1C2B1B7500643F32 /* Release */,
			);
			defaultConfigurationIsVisible = 0;
			defaultConfigurationName = Release;
		};
/* End XCConfigurationList section */
	};
	rootObject = 01409EA01C2B1B7500643F32 /* Project object */;
}
